# This file is automatically @generated by Cargo.
# It is not intended for manual editing.
version = 3

[[package]]
name = "viet-telex"
version = "0.1.0"
dependencies = [
 "xflags",
]

[[package]]
name = "xflags"
version = "0.4.0-pre.2"
source = "git+https://github.com/matklad/xflags.git#0e53fe08bfe0c31914df3d3c49bd265e9710ead9"
dependencies = [
 "xflags-macros",
]

[[package]]
name = "xflags-macros"
version = "0.4.0-pre.2"
source = "git+https://github.com/matklad/xflags.git#0e53fe08bfe0c31914df3d3c49bd265e9710ead9"
